
Microsoft Visual Studio Solution File, Format Version 12.00
# Visual Studio Version 17
VisualStudioVersion = 17.6.33723.286
MinimumVisualStudioVersion = 10.0.40219.1
Project("{9A19103F-16F7-4668-BE54-9A1E7A4F7556}") = "Core", "Core.csproj", "{9E2ABFFB-0AD3-4978-8320-99BF0AA61FA5}"
EndProject
Project("{9A19103F-16F7-4668-BE54-9A1E7A4F7556}") = "Core.Queries", "..\Core.Queries\Core.Queries.csproj", "{324F9CDD-69D7-47E3-87C1-A19FF5211C77}"
EndProject
Project("{9A19103F-16F7-4668-BE54-9A1E7A4F7556}") = "Core.Commands", "..\Core.Commands\Core.Commands.csproj", "{9A3C8035-AF47-49B4-86EC-E9D9C1B84D0F}"
EndProject
Project("{9A19103F-16F7-4668-BE54-9A1E7A4F7556}") = "Core.Data", "..\Core.Data\Core.Data.csproj", "{1712E29C-820C-4BD4-A92F-C07F848A37B4}"
EndProject
Project("{9A19103F-16F7-4668-BE54-9A1E7A4F7556}") = "Core.Events", "..\Core.Events\Core.Events.csproj", "{62A20D6F-BE55-4C43-955C-ED06DDA68823}"
EndProject
Project("{FAE04EC0-301F-11D3-BF4B-00C04F79EFBC}") = "Core.Tests", "..\Core.Tests\Core.Tests.csproj", "{A2EC284B-6369-4FD2-B266-103ACBEAE7B6}"
EndProject
Global
	GlobalSection(SolutionConfigurationPlatforms) = preSolution
		Debug|Any CPU = Debug|Any CPU
		Release|Any CPU = Release|Any CPU
	EndGlobalSection
	GlobalSection(ProjectConfigurationPlatforms) = postSolution
		{9E2ABFFB-0AD3-4978-8320-99BF0AA61FA5}.Debug|Any CPU.ActiveCfg = Debug|Any CPU
		{9E2ABFFB-0AD3-4978-8320-99BF0AA61FA5}.Debug|Any CPU.Build.0 = Debug|Any CPU
		{9E2ABFFB-0AD3-4978-8320-99BF0AA61FA5}.Release|Any CPU.ActiveCfg = Release|Any CPU
		{9E2ABFFB-0AD3-4978-8320-99BF0AA61FA5}.Release|Any CPU.Build.0 = Release|Any CPU
		{324F9CDD-69D7-47E3-87C1-A19FF5211C77}.Debug|Any CPU.ActiveCfg = Debug|Any CPU
		{324F9CDD-69D7-47E3-87C1-A19FF5211C77}.Debug|Any CPU.Build.0 = Debug|Any CPU
		{324F9CDD-69D7-47E3-87C1-A19FF5211C77}.Release|Any CPU.ActiveCfg = Release|Any CPU
		{324F9CDD-69D7-47E3-87C1-A19FF5211C77}.Release|Any CPU.Build.0 = Release|Any CPU
		{9A3C8035-AF47-49B4-86EC-E9D9C1B84D0F}.Debug|Any CPU.ActiveCfg = Debug|Any CPU
		{9A3C8035-AF47-49B4-86EC-E9D9C1B84D0F}.Debug|Any CPU.Build.0 = Debug|Any CPU
		{9A3C8035-AF47-49B4-86EC-E9D9C1B84D0F}.Release|Any CPU.ActiveCfg = Release|Any CPU
		{9A3C8035-AF47-49B4-86EC-E9D9C1B84D0F}.Release|Any CPU.Build.0 = Release|Any CPU
		{1712E29C-820C-4BD4-A92F-C07F848A37B4}.Debug|Any CPU.ActiveCfg = Debug|Any CPU
		{1712E29C-820C-4BD4-A92F-C07F848A37B4}.Debug|Any CPU.Build.0 = Debug|Any CPU
		{1712E29C-820C-4BD4-A92F-C07F848A37B4}.Release|Any CPU.ActiveCfg = Release|Any CPU
		{1712E29C-820C-4BD4-A92F-C07F848A37B4}.Release|Any CPU.Build.0 = Release|Any CPU
		{62A20D6F-BE55-4C43-955C-ED06DDA68823}.Debug|Any CPU.ActiveCfg = Debug|Any CPU
		{62A20D6F-BE55-4C43-955C-ED06DDA68823}.Debug|Any CPU.Build.0 = Debug|Any CPU
		{62A20D6F-BE55-4C43-955C-ED06DDA68823}.Release|Any CPU.ActiveCfg = Release|Any CPU
		{62A20D6F-BE55-4C43-955C-ED06DDA68823}.Release|Any CPU.Build.0 = Release|Any CPU
		{A2EC284B-6369-4FD2-B266-103ACBEAE7B6}.Debug|Any CPU.ActiveCfg = Debug|Any CPU
		{A2EC284B-6369-4FD2-B266-103ACBEAE7B6}.Debug|Any CPU.Build.0 = Debug|Any CPU
		{A2EC284B-6369-4FD2-B266-103ACBEAE7B6}.Release|Any CPU.ActiveCfg = Release|Any CPU
		{A2EC284B-6369-4FD2-B266-103ACBEAE7B6}.Release|Any CPU.Build.0 = Release|Any CPU
	EndGlobalSection
	GlobalSection(SolutionProperties) = preSolution
		HideSolutionNode = FALSE
	EndGlobalSection
	GlobalSection(ExtensibilityGlobals) = postSolution
		SolutionGuid = {9F1CD41C-00C0-44F9-9149-E48BC477FDB5}
	EndGlobalSection
EndGlobal
